
Microsoft Visual Studio Solution File, Format Version 12.00
# Visual Studio Version 17
VisualStudioVersion = 17.1.32210.238
MinimumVisualStudioVersion = 10.0.40219.1
Project("{FAE04EC0-301F-11D3-BF4B-00C04F79EFBC}") = "UseCase-1-AddressBox", "UseCase-1-AddressBox\UseCase-1-AddressBox.csproj", "{150C2935-E80E-44AF-B029-718E7CF6D2BB}"
EndProject
Global
	GlobalSection(SolutionConfigurationPlatforms) = preSolution
		Debug|Any CPU = Debug|Any CPU
		Release|Any CPU = Release|Any CPU
	EndGlobalSection
	GlobalSection(ProjectConfigurationPlatforms) = postSolution
		{150C2935-E80E-44AF-B029-718E7CF6D2BB}.Debug|Any CPU.ActiveCfg = Debug|Any CPU
		{150C2935-E80E-44AF-B029-718E7CF6D2BB}.Debug|Any CPU.Build.0 = Debug|Any CPU
		{150C2935-E80E-44AF-B029-718E7CF6D2BB}.Release|Any CPU.ActiveCfg = Release|Any CPU
		{150C2935-E80E-44AF-B029-718E7CF6D2BB}.Release|Any CPU.Build.0 = Release|Any CPU
	EndGlobalSection
	GlobalSection(SolutionProperties) = preSolution
		HideSolutionNode = FALSE
	EndGlobalSection
	GlobalSection(ExtensibilityGlobals) = postSolution
		SolutionGuid = {E23636CA-8088-4017-A73E-FA611304694C}
	EndGlobalSection
EndGlobal
